{
  "version": 1,
  "dependencies": {
    "net10.0": {
      "Rvt.Monitor.Common": {
        "type": "Direct",
        "requested": "[0.2.0-rc.1, 0.2.0-rc.1]",
        "resolved": "0.2.0-rc.1",
        "contentHash": "ACC2KxbDuJIVOb1Zm/t5a5b6YOieFreB56AIcAC9SuN3/fKoEbSeuDQhbxq3pno3EesT8VMQ7oUZIlarHSYObA==",
        "dependencies": {
          "AWSSDK.S3": "4.0.100.3",
          "Azure.Identity": "1.15.0",
          "Azure.Storage.Blobs": "12.25.0",
          "MQTTnet": "4.3.7.1207",
          "MQTTnet.Extensions.ManagedClient": "4.3.7.1207",
          "Microsoft.Data.SqlClient": "7.0.1",
          "Microsoft.EntityFrameworkCore": "10.0.4",
          "Microsoft.EntityFrameworkCore.Relational": "10.0.4",
          "Microsoft.EntityFrameworkCore.SqlServer": "10.0.4",
          "Npgsql": "10.0.3",
          "Npgsql.EntityFrameworkCore.PostgreSQL": "10.0.2",
          "OpenTelemetry.Exporter.OpenTelemetryProtocol": "1.16.0",
          "OpenTelemetry.Extensions.Hosting": "1.16.0",
          "OpenTelemetry.Instrumentation.AspNetCore": "1.16.0",
          "OpenTelemetry.Instrumentation.Http": "1.16.0",
          "OpenTelemetry.Instrumentation.Runtime": "1.15.1",
          "Quartz.Extensions.Hosting": "3.18.1"
        }
      },
      "Rvt.Monitor.Common.Infrastructure": {
        "type": "Direct",
        "requested": "[0.2.0-rc.1, 0.2.0-rc.1]",
        "resolved": "0.2.0-rc.1",
        "contentHash": "A006s9OrWoua5pcCEUvHHVFlbTLmeZuMKAHDQQQcBGBjm9eiW0O53smZB8FWtwZHO6792u/ilit+Bq9T+P+AiQ==",
        "dependencies": {
          "AWSSDK.S3": "4.0.100.3",
          "Azure.Identity": "1.15.0",
          "Azure.Storage.Blobs": "12.25.0",
          "MQTTnet": "4.3.7.1207",
          "MQTTnet.Extensions.ManagedClient": "4.3.7.1207",
          "Microsoft.Data.SqlClient": "7.0.1",
          "Microsoft.EntityFrameworkCore": "10.0.4",
          "Microsoft.EntityFrameworkCore.Relational": "10.0.4",
          "Microsoft.EntityFrameworkCore.SqlServer": "10.0.4",
          "Npgsql": "10.0.3",
          "Npgsql.EntityFrameworkCore.PostgreSQL": "10.0.2",
          "OpenTelemetry.Exporter.OpenTelemetryProtocol": "1.16.0",
          "OpenTelemetry.Extensions.Hosting": "1.16.0",
          "OpenTelemetry.Instrumentation.AspNetCore": "1.16.0",
          "OpenTelemetry.Instrumentation.Http": "1.16.0",
          "OpenTelemetry.Instrumentation.Runtime": "1.15.1",
          "Quartz.Extensions.Hosting": "3.18.1",
          "Rvt.Monitor.Common": "[0.2.0-rc.1]",
          "SendGrid": "9.29.3"
        }
      },
      "AWSSDK.Core": {
        "type": "Transitive",
        "resolved": "4.0.100.3",
        "contentHash": "KU+8IlwHqh68J82FXvsNgehAuG0Z++Ul62oD5sg5Iyj4RgSdUKer3nbLBJbW31DAM7mgEuckhsEcJW+2wYpSVA=="
      },
      "AWSSDK.S3": {
        "type": "Transitive",
        "resolved": "4.0.100.3",
        "contentHash": "bHe+BZRyC/TnyPw3/l6N96V/hqtBHyjtXINVrVxVl8LTYx2fxNI1HTwknm0jslSkOiOKeHRZ/oduxMcJXBbtsg==",
        "dependencies": {
          "AWSSDK.Core": "[4.0.100.3, 5.0.0)"
        }
      },
      "Azure.Core": {
        "type": "Transitive",
        "resolved": "1.47.1",
        "contentHash": "oPcncSsDHuxB8SC522z47xbp2+ttkcKv2YZ90KXhRKN0YQd2+7l1UURT9EBzUNEXtkLZUOAB5xbByMTrYRh3yA==",
        "dependencies": {
          "Microsoft.Bcl.AsyncInterfaces": "8.0.0",
          "System.ClientModel": "1.5.1",
          "System.Memory.Data": "8.0.1"
        }
      },
      "Azure.Identity": {
        "type": "Transitive",
        "resolved": "1.15.0",
        "contentHash": "tvJVy5s8VdsAYHIcBw1KrwDTcTWr2K5fG5o/xEJ2zU3+QUViDx/utut83+fGoB/bcBspxuC6wG650GwAUkU2UQ==",
        "dependencies": {
          "Azure.Core": "1.47.1",
          "Microsoft.Identity.Client": "4.73.1",
          "Microsoft.Identity.Client.Extensions.Msal": "4.73.1"
        }
      },
      "Azure.Storage.Blobs": {
        "type": "Transitive",
        "resolved": "12.25.0",
        "contentHash": "+5rQj7vQ2NsVxEzFeGxRGP44P9GhJcJMEZTaG/w96z/c8mEO6OoawBAr8tJ/0vH1QSVkjfr+IY3GmGpT507I0w==",
        "dependencies": {
          "Azure.Storage.Common": "12.24.0"
        }
      },
      "Azure.Storage.Common": {
        "type": "Transitive",
        "resolved": "12.24.0",
        "contentHash": "JOmmSgNvH/zRWRihT6PZapEdTNESP4YtGS5OjbkUAg6EFiM6Ite7hDkqzJrA7QKmi1SRwZ40vpHi1McVpQuhgw==",
        "dependencies": {
          "Azure.Core": "1.44.1",
          "System.IO.Hashing": "8.0.0"
        }
      },
      "Microsoft.Bcl.AsyncInterfaces": {
        "type": "Transitive",
        "resolved": "8.0.0",
        "contentHash": "3WA9q9yVqJp222P3x1wYIGDAkpjAku0TMUaaQV22g6L67AI0LdOIrVS7Ht2vJfLHGSPVuqN94vIr15qn+HEkHw=="
      },
      "Microsoft.Bcl.Cryptography": {
        "type": "Transitive",
        "resolved": "9.0.13",
        "contentHash": "5T+bH3Lb1nEe8Hf/ixMxLmhlrx5wRi53wv7OhVwG2F1ZviW1ejFRS1NHur3uqPpJRGtkQwUchtY6zhVK2R+v+w=="
      },
      "Microsoft.Data.SqlClient": {
        "type": "Transitive",
        "resolved": "7.0.1",
        "contentHash": "9jZFXAJ2ThNYK7lhj2RhH7klXVNaWSvZpQncq3bPIOjmHBrdjwgeO4c8wucUVxQwFT8rAA13Z2F2jzoYR7ICDw==",
        "dependencies": {
          "Microsoft.Bcl.Cryptography": "9.0.13",
          "Microsoft.Data.SqlClient.Extensions.Abstractions": "1.0.0",
          "Microsoft.Data.SqlClient.Internal.Logging": "1.0.0",
          "Microsoft.Data.SqlClient.SNI.runtime": "6.0.2",
          "Microsoft.Extensions.Caching.Memory": "9.0.13",
          "Microsoft.IdentityModel.JsonWebTokens": "8.16.0",
          "Microsoft.IdentityModel.Protocols.OpenIdConnect": "8.16.0",
          "Microsoft.SqlServer.Server": "1.0.0",
          "System.Configuration.ConfigurationManager": "9.0.13",
          "System.Security.Cryptography.Pkcs": "9.0.13"
        }
      },
      "Microsoft.Data.SqlClient.Extensions.Abstractions": {
        "type": "Transitive",
        "resolved": "1.0.0",
        "contentHash": "rlnxc0KfwDSbE8ZHntFnl8SCgOa9QtJZblMv2zXLhRwl1Je7fsdsVzxSjzzC4JMsfAK+jXJWyezRB8SxUY4BdA==",
        "dependencies": {
          "Microsoft.Data.SqlClient.Internal.Logging": "1.0.0"
        }
      },
      "Microsoft.Data.SqlClient.Internal.Logging": {
        "type": "Transitive",
        "resolved": "1.0.0",
        "contentHash": "Kue/7CF8KNT9zozfr30C94dMZVZml3atqWZvQemSXvTau76tRdypzeKiBKXadqgbOME0UiQIyVTNo5WxCRNVNg=="
      },
      "Microsoft.Data.SqlClient.SNI.runtime": {
        "type": "Transitive",
        "resolved": "6.0.2",
        "contentHash": "f+pRODTWX7Y67jXO3T5S2dIPZ9qMJNySjlZT/TKmWVNWe19N8jcWmHaqHnnchaq3gxEKv1SWVY5EFzOD06l41w=="
      },
      "Microsoft.EntityFrameworkCore": {
        "type": "Transitive",
        "resolved": "10.0.4",
        "contentHash": "kzTsfFK2GCytp6DDTfQOmxPU4gbGdrIlP7PxrxF3ESNLtfXrC8BoUVZENBN2WORlZPAD7CVX6AYIglgkpXQooA==",
        "dependencies": {
          "Microsoft.EntityFrameworkCore.Abstractions": "10.0.4",
          "Microsoft.EntityFrameworkCore.Analyzers": "10.0.4",
          "Microsoft.Extensions.Caching.Memory": "10.0.4",
          "Microsoft.Extensions.Logging": "10.0.4"
        }
      },
      "Microsoft.EntityFrameworkCore.Abstractions": {
        "type": "Transitive",
        "resolved": "10.0.4",
        "contentHash": "qDcJqCfN1XYyX0ID/Hd9/kQTRvlia8S+Yuwyl9uFhBIKnOCbl9WMdGQCzbZUKbkpkfvf3P9CDdXsnxHyE3O0Aw=="
      },
      "Microsoft.EntityFrameworkCore.Analyzers": {
        "type": "Transitive",
        "resolved": "10.0.4",
        "contentHash": "pQeMHCyD3yTtCEGnHV4VsgKUvrESo3MR5mnh8sgQ1hWYmI1YFsUutDowBIxkobeWRtaRmBqQAtF7XQFW6FWuNA=="
      },
      "Microsoft.EntityFrameworkCore.Relational": {
        "type": "Transitive",
        "resolved": "10.0.4",
        "contentHash": "DOTjTHy93W3TwpMLM4SCm0n57Sc0Jj3+m2S6LSTstKyBB34eT1UouaMS19mpWwvtj42+sRiEjA3+rOTNoNzXFQ==",
        "dependencies": {
          "Microsoft.EntityFrameworkCore": "10.0.4",
          "Microsoft.Extensions.Caching.Memory": "10.0.4",
          "Microsoft.Extensions.Configuration.Abstractions": "10.0.4",
          "Microsoft.Extensions.Logging": "10.0.4"
        }
      },
      "Microsoft.EntityFrameworkCore.SqlServer": {
        "type": "Transitive",
        "resolved": "10.0.4",
        "contentHash": "10wyoIwxDfF/6AkExeACfIZseTk4hJknBzlzPMCGsmBo+QrdyESwm1Q5YpO/zYjLzhz6aPzYUaXShraovSP3tg==",
        "dependencies": {
          "Microsoft.Data.SqlClient": "6.1.1",
          "Microsoft.EntityFrameworkCore.Relational": "10.0.4",
          "Microsoft.Extensions.Caching.Memory": "10.0.4",
          "Microsoft.Extensions.Configuration.Abstractions": "10.0.4",
          "Microsoft.Extensions.Logging": "10.0.4"
        }
      },
      "Microsoft.Extensions.Caching.Abstractions": {
        "type": "Transitive",
        "resolved": "10.0.4",
        "contentHash": "uDRooaV6N3WZ0kdlNPMB68/MdGn/in1Fs7Db7DnIm85RBTPy4P321WO+daAImiYpH5dekjNggDqy1N44WaIlMA==",
        "dependencies": {
          "Microsoft.Extensions.Primitives": "10.0.4"
        }
      },
      "Microsoft.Extensions.Caching.Memory": {
        "type": "Transitive",
        "resolved": "10.0.4",
        "contentHash": "CLLussNUMdSbyJOu4VBF7sqskHGB/5N1EcFzrqG/HsPATN8fCRUcfp0qns1VwkxKHwxrtYCh5FKe+kM81Q1PHA==",
        "dependencies": {
          "Microsoft.Extensions.Caching.Abstractions": "10.0.4",
          "Microsoft.Extensions.DependencyInjection.Abstractions": "10.0.4",
          "Microsoft.Extensions.Logging.Abstractions": "10.0.4",
          "Microsoft.Extensions.Options": "10.0.4",
          "Microsoft.Extensions.Primitives": "10.0.4"
        }
      },
      "Microsoft.Extensions.Configuration": {
        "type": "Transitive",
        "resolved": "10.0.0",
        "contentHash": "H4SWETCh/cC5L1WtWchHR6LntGk3rDTTznZMssr4cL8IbDmMWBxY+MOGDc/ASnqNolLKPIWHWeuC1ddiL/iNPw==",
        "dependencies": {
          "Microsoft.Extensions.Configuration.Abstractions": "10.0.0",
          "Microsoft.Extensions.Primitives": "10.0.0"
        }
      },
      "Microsoft.Extensions.Configuration.Abstractions": {
        "type": "Transitive",
        "resolved": "10.0.4",
        "contentHash": "3x9X9SMAMdAoEwWxHfsT2a9dTBqEtfYfbEOFw+UPtBshEH2gHWJeazxrZ1FK1O18MoCbe1NxINg5qciB01pEcg==",
        "dependencies": {
          "Microsoft.Extensions.Primitives": "10.0.4"
        }
      },
      "Microsoft.Extensions.Configuration.Binder": {
        "type": "Transitive",
        "resolved": "10.0.0",
        "contentHash": "tMF9wNh+hlyYDWB8mrFCQHQmWHlRosol1b/N2Jrefy1bFLnuTlgSYmPyHNmz8xVQgs7DpXytBRWxGhG+mSTp0g==",
        "dependencies": {
          "Microsoft.Extensions.Configuration": "10.0.0",
          "Microsoft.Extensions.Configuration.Abstractions": "10.0.0"
        }
      },
      "Microsoft.Extensions.DependencyInjection": {
        "type": "Transitive",
        "resolved": "10.0.4",
        "contentHash": "NkvJ8aSr3AG30yabjv7ZWwTG/wq5OElNTlNq39Ok2HSEF3TIwAc1f1xnTJlR/GuoJmEgkfT7WBO9YbSXRk41+g==",
        "dependencies": {
          "Microsoft.Extensions.DependencyInjection.Abstractions": "10.0.4"
        }
      },
      "Microsoft.Extensions.DependencyInjection.Abstractions": {
        "type": "Transitive",
        "resolved": "10.0.4",
        "contentHash": "SIe9zlVQJecnk/DTmevIcl6+aEDYhoVLc2eG2AKwVeNEC8CSyxHAbh4lf0xtHq9JUum0vVTEByGNTK+b6oihTQ=="
      },
      "Microsoft.Extensions.Diagnostics.Abstractions": {
        "type": "Transitive",
        "resolved": "10.0.0",
        "contentHash": "SfK89ytD61S7DgzorFljSkUeluC1ncn6dtZgwc0ot39f/BEYWBl5jpgvodxduoYAs1d9HG8faCDRZxE95UMo2A==",
        "dependencies": {
          "Microsoft.Extensions.DependencyInjection.Abstractions": "10.0.0",
          "Microsoft.Extensions.Options": "10.0.0"
        }
      },
      "Microsoft.Extensions.FileProviders.Abstractions": {
        "type": "Transitive",
        "resolved": "10.0.0",
        "contentHash": "/ppSdehKk3fuXjlqCDgSOtjRK/pSHU8eWgzSHfHdwVm5BP4Dgejehkw+PtxKG2j98qTDEHDst2Y99aNsmJldmw==",
        "dependencies": {
          "Microsoft.Extensions.Primitives": "10.0.0"
        }
      },
      "Microsoft.Extensions.Hosting.Abstractions": {
        "type": "Transitive",
        "resolved": "10.0.0",
        "contentHash": "KrN6TGFwCwqOkLLk/idW/XtDQh+8In+CL9T4M1Dx+5ScsjTq4TlVbal8q532m82UYrMr6RiQJF2HvYCN0QwVsA==",
        "dependencies": {
          "Microsoft.Extensions.Configuration.Abstractions": "10.0.0",
          "Microsoft.Extensions.DependencyInjection.Abstractions": "10.0.0",
          "Microsoft.Extensions.Diagnostics.Abstractions": "10.0.0",
          "Microsoft.Extensions.FileProviders.Abstractions": "10.0.0",
          "Microsoft.Extensions.Logging.Abstractions": "10.0.0"
        }
      },
      "Microsoft.Extensions.Logging": {
        "type": "Transitive",
        "resolved": "10.0.4",
        "contentHash": "S8+6fCuMOhJZGk8sGFtOy3VsF9mk9x4UOL59GM91REiA/fmCDjunKKIw4RmStG87qyXPfxelDJf2pXIbTuaBdw==",
        "dependencies": {
          "Microsoft.Extensions.DependencyInjection": "10.0.4",
          "Microsoft.Extensions.Logging.Abstractions": "10.0.4",
          "Microsoft.Extensions.Options": "10.0.4"
        }
      },
      "Microsoft.Extensions.Logging.Abstractions": {
        "type": "Transitive",
        "resolved": "10.0.4",
        "contentHash": "PDMMt7fvBatv6hcxxyJtXIzSwn7Dy00W6I2vDAOTYrQqNM2dF5A2L9n0uMzdPz2IPoNZWkAmYjoOCEdDLq0i4w==",
        "dependencies": {
          "Microsoft.Extensions.DependencyInjection.Abstractions": "10.0.4"
        }
      },
      "Microsoft.Extensions.Logging.Configuration": {
        "type": "Transitive",
        "resolved": "10.0.0",
        "contentHash": "j8zcwhS6bYB6FEfaY3nYSgHdpiL2T+/V3xjpHtslVAegyI1JUbB9yAt/BFdvZdsNbY0Udm4xFtvfT/hUwcOOOg==",
        "dependencies": {
          "Microsoft.Extensions.Configuration": "10.0.0",
          "Microsoft.Extensions.Configuration.Abstractions": "10.0.0",
          "Microsoft.Extensions.Configuration.Binder": "10.0.0",
          "Microsoft.Extensions.DependencyInjection.Abstractions": "10.0.0",
          "Microsoft.Extensions.Logging": "10.0.0",
          "Microsoft.Extensions.Logging.Abstractions": "10.0.0",
          "Microsoft.Extensions.Options": "10.0.0",
          "Microsoft.Extensions.Options.ConfigurationExtensions": "10.0.0"
        }
      },
      "Microsoft.Extensions.Options": {
        "type": "Transitive",
        "resolved": "10.0.4",
        "contentHash": "kRxa2Zjzhg/ohh7EklpqQpBIcyQnC3meWxCcpZBn+0QWy/fY1DmDd45JiW8Vyrpj2J1RDtau5yRHiLZS/AoxUw==",
        "dependencies": {
          "Microsoft.Extensions.DependencyInjection.Abstractions": "10.0.4",
          "Microsoft.Extensions.Primitives": "10.0.4"
        }
      },
      "Microsoft.Extensions.Options.ConfigurationExtensions": {
        "type": "Transitive",
        "resolved": "10.0.0",
        "contentHash": "tL9cSl3maS5FPzp/3MtlZI21ExWhni0nnUCF8HY4npTsINw45n9SNDbkKXBMtFyUFGSsQep25fHIDN4f/Vp3AQ==",
        "dependencies": {
          "Microsoft.Extensions.Configuration.Abstractions": "10.0.0",
          "Microsoft.Extensions.Configuration.Binder": "10.0.0",
          "Microsoft.Extensions.DependencyInjection.Abstractions": "10.0.0",
          "Microsoft.Extensions.Options": "10.0.0",
          "Microsoft.Extensions.Primitives": "10.0.0"
        }
      },
      "Microsoft.Extensions.Primitives": {
        "type": "Transitive",
        "resolved": "10.0.4",
        "contentHash": "lABYqiRH9HgYJsjzO3W7+cucUwWXhEkiyrRylANdIubnzcESlkIsLowXpQ4E+sc7kjMLbk1hk5oxw4qTKowTEg=="
      },
      "Microsoft.Identity.Client": {
        "type": "Transitive",
        "resolved": "4.73.1",
        "contentHash": "NnDLS8QwYqO5ZZecL2oioi1LUqjh5Ewk4bMLzbgiXJbQmZhDLtKwLxL3DpGMlQAJ2G4KgEnvGPKa+OOgffeJbw==",
        "dependencies": {
          "Microsoft.IdentityModel.Abstractions": "6.35.0"
        }
      },
      "Microsoft.Identity.Client.Extensions.Msal": {
        "type": "Transitive",
        "resolved": "4.73.1",
        "contentHash": "xDztAiV2F0wI0W8FLKv5cbaBefyLD6JVaAsvgSN7bjWNCzGYzHbcOEIP5s4TJXUpQzMfUyBsFl1mC6Zmgpz0PQ==",
        "dependencies": {
          "Microsoft.Identity.Client": "4.73.1",
          "System.Security.Cryptography.ProtectedData": "4.5.0"
        }
      },
      "Microsoft.IdentityModel.Abstractions": {
        "type": "Transitive",
        "resolved": "8.16.0",
        "contentHash": "gSxKLWRZzBpIsEoeUPkxfywNCCvRvl7hkq146XHPk5vOQc9izSf1I+uL1vh4y2U19QPxd9Z8K/8AdWyxYz2lSg=="
      },
      "Microsoft.IdentityModel.JsonWebTokens": {
        "type": "Transitive",
        "resolved": "8.16.0",
        "contentHash": "prBU72cIP4V8E9fhN+o/YdskTsLeIcnKPbhZf0X6mD7fdxoZqnS/NdEkSr+9Zp+2q7OZBOMfNBKGbTbhXODO4w==",
        "dependencies": {
          "Microsoft.IdentityModel.Tokens": "8.16.0"
        }
      },
      "Microsoft.IdentityModel.Logging": {
        "type": "Transitive",
        "resolved": "8.16.0",
        "contentHash": "MTzXmETkNQPACR7/XCXM1OGM6oU9RkyibqeJRtO9Ndew2LnGjMf9Atqj2VSf4XC27X0FQycUAlzxxEgQMWn2xQ==",
        "dependencies": {
          "Microsoft.IdentityModel.Abstractions": "8.16.0"
        }
      },
      "Microsoft.IdentityModel.Protocols": {
        "type": "Transitive",
        "resolved": "8.16.0",
        "contentHash": "UFrU7d46UTsPQTa2HIEIpB9H1uJe1BW9FLw5uhEJ2ZuKdur8bcUA/bO5caq5dlBt5gNJeRIB3QQXYNs5fCQCZA==",
        "dependencies": {
          "Microsoft.IdentityModel.Tokens": "8.16.0"
        }
      },
      "Microsoft.IdentityModel.Protocols.OpenIdConnect": {
        "type": "Transitive",
        "resolved": "8.16.0",
        "contentHash": "h4yVXyJsEBBX5lg2G5ftMsi5JzcNEGAzrNphA6DQ6eOd8P0s+cDCOyPwVTYLePZvJL5unbPvYIvzrbTXzFjXnQ==",
        "dependencies": {
          "Microsoft.IdentityModel.Protocols": "8.16.0",
          "System.IdentityModel.Tokens.Jwt": "8.16.0"
        }
      },
      "Microsoft.IdentityModel.Tokens": {
        "type": "Transitive",
        "resolved": "8.16.0",
        "contentHash": "rtViGJcGsN7WcfUNErwNeQgjuU5cJNl6FDQsfi9TncwO+Epzn0FTfBsg3YuFW1Q0Ch/KPxaVdjLw3/+5Z5ceFQ==",
        "dependencies": {
          "Microsoft.Extensions.Logging.Abstractions": "10.0.0",
          "Microsoft.IdentityModel.Logging": "8.16.0"
        }
      },
      "Microsoft.SqlServer.Server": {
        "type": "Transitive",
        "resolved": "1.0.0",
        "contentHash": "N4KeF3cpcm1PUHym1RmakkzfkEv3GRMyofVv40uXsQhCQeglr2OHNcUk2WOG51AKpGO8ynGpo9M/kFXSzghwug=="
      },
      "MQTTnet": {
        "type": "Transitive",
        "resolved": "4.3.7.1207",
        "contentHash": "ah7aHXoedWp5m5a4zy2u4phOEVj0QFYzOb5tFKQeV8RRBrxp+1QREF4ymZuG8D+hzB2dhtrrG81WxTFv0PzOeQ=="
      },
      "MQTTnet.Extensions.ManagedClient": {
        "type": "Transitive",
        "resolved": "4.3.7.1207",
        "contentHash": "i7T+4dsBqy3VVvuDuh9mmTbeZwF7eYP+8rHir4rdriM+k2dGwDNuXrScpz6xI3mEBfJZTVno8zy8+r0zzmFQuQ==",
        "dependencies": {
          "MQTTnet": "4.3.7.1207"
        }
      },
      "Newtonsoft.Json": {
        "type": "Transitive",
        "resolved": "13.0.1",
        "contentHash": "ppPFpBcvxdsfUonNcvITKqLl3bqxWbDCZIzDWHzjpdAHRFfZe0Dw9HmA0+za13IdyrgJwpkDTDA9fHaxOrt20A=="
      },
      "Npgsql": {
        "type": "Transitive",
        "resolved": "10.0.3",
        "contentHash": "7nb5YzXuvWWJxB0J8DiyL3we+X4FOctZrt0fIBnucOIaIevFEEwGQVZKtiu9olXdlNAK1eNgqSral6r/jlhI4w==",
        "dependencies": {
          "Microsoft.Extensions.Logging.Abstractions": "10.0.0"
        }
      },
      "Npgsql.EntityFrameworkCore.PostgreSQL": {
        "type": "Transitive",
        "resolved": "10.0.2",
        "contentHash": "PsNYgPOSW41Xx19gin7y4EdZAPteWr9Cb01XkdObxOsPzi+mgBupBEN7J7+erXFsROPOILM7MlIoO9QzL8+LGQ==",
        "dependencies": {
          "Microsoft.EntityFrameworkCore": "[10.0.4, 11.0.0)",
          "Microsoft.EntityFrameworkCore.Relational": "[10.0.4, 11.0.0)",
          "Npgsql": "10.0.3"
        }
      },
      "OpenTelemetry": {
        "type": "Transitive",
        "resolved": "1.16.0",
        "contentHash": "nE/Px3MUvQC8c0UG0DOP5OJE7vMtiMaPYi/6TkSS/o/O0s/oPq+8WaPYTVEPzb7lwu/QyLgknc+sFm2FjPXe2A==",
        "dependencies": {
          "Microsoft.Extensions.Diagnostics.Abstractions": "10.0.0",
          "Microsoft.Extensions.Logging.Configuration": "10.0.0",
          "OpenTelemetry.Api.ProviderBuilderExtensions": "1.16.0"
        }
      },
      "OpenTelemetry.Api": {
        "type": "Transitive",
        "resolved": "1.16.0",
        "contentHash": "WZP8Eb6vZTeNqeV+fjBitc7iefBoTHIhaWorqg/h/YiQBlcQJu0bICuTqKV0XRyjiE0eWs80yLlnUtHAFSkFWA=="
      },
      "OpenTelemetry.Api.ProviderBuilderExtensions": {
        "type": "Transitive",
        "resolved": "1.16.0",
        "contentHash": "hZwaHAkXvUNn9+cS+vEvYBgIrIQOQRz2cIRUODZ5gxHsDsLeNCueLgZFkybopjE0jUhLut6lm5eL3LTqbW0hMg==",
        "dependencies": {
          "Microsoft.Extensions.DependencyInjection.Abstractions": "10.0.0",
          "OpenTelemetry.Api": "1.16.0"
        }
      },
      "OpenTelemetry.Exporter.OpenTelemetryProtocol": {
        "type": "Transitive",
        "resolved": "1.16.0",
        "contentHash": "gzYLY8sVDY5FYtVlCYSzBYX53xslRlvBLxwFYOdNIhc76SgKdFYUoDQXOeQI3WPBCrZp51QNcP6fZHh1+HtpIQ==",
        "dependencies": {
          "OpenTelemetry": "1.16.0"
        }
      },
      "OpenTelemetry.Extensions.Hosting": {
        "type": "Transitive",
        "resolved": "1.16.0",
        "contentHash": "/YfrO5MRaA156vhNanYGPX2JjOwKUrA0+Jf7ltT2eD3VkfHqXcEJY5Oxt/nWH8lqBOTc1nJpn2soBtD5Cml8Dg==",
        "dependencies": {
          "Microsoft.Extensions.Hosting.Abstractions": "10.0.0",
          "OpenTelemetry": "1.16.0"
        }
      },
      "OpenTelemetry.Instrumentation.AspNetCore": {
        "type": "Transitive",
        "resolved": "1.16.0",
        "contentHash": "vSC5EsmBVNcqXMh9BGkkq8zkoUjrg8ghBDb9zbKR8Bqjd05utjVgVft+fqsqQVsvlV5olGj1pBliHBngcIGSIg==",
        "dependencies": {
          "OpenTelemetry.Api.ProviderBuilderExtensions": "[1.16.0, 2.0.0)"
        }
      },
      "OpenTelemetry.Instrumentation.Http": {
        "type": "Transitive",
        "resolved": "1.16.0",
        "contentHash": "+Sz3lfvMXwWE8s/sMruHCDlO/+cArFVc6oBg1tCb70BKlL9FCC7uK4Ar2/VP9Hhwvs+UwaW1vGzE/uiByVHXiA==",
        "dependencies": {
          "Microsoft.Extensions.Configuration": "10.0.0",
          "Microsoft.Extensions.Options": "10.0.0",
          "OpenTelemetry.Api.ProviderBuilderExtensions": "[1.16.0, 2.0.0)"
        }
      },
      "OpenTelemetry.Instrumentation.Runtime": {
        "type": "Transitive",
        "resolved": "1.15.1",
        "contentHash": "cpPwlUT5HXcLGPaIgsbSy0W9eFYAPGVbTP1p8/uyQ4Osvf5BJuPpEXE7crL09SmEd44r0DGNKDtsqxaAz0HxQw==",
        "dependencies": {
          "OpenTelemetry.Api": "[1.15.3, 2.0.0)"
        }
      },
      "Quartz": {
        "type": "Transitive",
        "resolved": "3.18.1",
        "contentHash": "q/n/gKLcApDlTk90BRNvj6P8HKR+vbtZEQxo5BAbeEoN5e/8/aqRuG6yH7tVg02CeAXAD40boS74s9hVnh4XDw==",
        "dependencies": {
          "Microsoft.Extensions.Logging.Abstractions": "2.1.1"
        }
      },
      "Quartz.Extensions.DependencyInjection": {
        "type": "Transitive",
        "resolved": "3.18.1",
        "contentHash": "ct+sIqr7n961jvo695GnqHjB+dhK6b/Y9LSXxK6n9EJ6JzMXpwcusd5u2lCqVqqNHaiGBLXp37E75hpPXHQkzA==",
        "dependencies": {
          "Microsoft.Extensions.Configuration.Abstractions": "10.0.0",
          "Microsoft.Extensions.Options": "10.0.0",
          "Quartz": "3.18.1"
        }
      },
      "Quartz.Extensions.Hosting": {
        "type": "Transitive",
        "resolved": "3.18.1",
        "contentHash": "kZ7ufndI5vygLpI0kCeukVKlzpRFtGjfoU3BoWZ6u6QKoRF2Z3KV1dSpv+VpMqRekz3SrObfN0iLZKWldoZLZw==",
        "dependencies": {
          "Microsoft.Extensions.Hosting.Abstractions": "10.0.0",
          "Quartz.Extensions.DependencyInjection": "3.18.1"
        }
      },
      "SendGrid": {
        "type": "Transitive",
        "resolved": "9.29.3",
        "contentHash": "nb/zHePecN9U4/Bmct+O+lpgK994JklbCCNMIgGPOone/DngjQoMCHeTvkl+m0Nglvm0dqMEshmvB4fO8eF3dA==",
        "dependencies": {
          "Newtonsoft.Json": "13.0.1",
          "starkbank-ecdsa": "[1.3.3, 2.0.0)"
        }
      },
      "starkbank-ecdsa": {
        "type": "Transitive",
        "resolved": "1.3.3",
        "contentHash": "OblOaKb1enXn+dSp7tsx9yjwV+/BEKM9jFhshIkZTwCk7LuTFTp+wSon6rFzuPiIiTGtvVWQNUw2slHjGktJog=="
      },
      "System.ClientModel": {
        "type": "Transitive",
        "resolved": "1.5.1",
        "contentHash": "k2jKSO0X45IqhVOT9iQB4xralNN9foRQsRvXBTyRpAVxyzCJlG895T9qYrQWbcJ6OQXxOouJQ37x5nZH5XKK+A==",
        "dependencies": {
          "Microsoft.Extensions.Logging.Abstractions": "8.0.3",
          "System.Memory.Data": "8.0.1"
        }
      },
      "System.Configuration.ConfigurationManager": {
        "type": "Transitive",
        "resolved": "9.0.13",
        "contentHash": "GbBrJq9S/gYpHzm7Pxx6Y5tDyfSfyxW6tlP5oiKJV38uf19Wp+GIIAnWfyL1zmNiz1+EjwVapw2WkBFvvqKQzg==",
        "dependencies": {
          "System.Diagnostics.EventLog": "9.0.13",
          "System.Security.Cryptography.ProtectedData": "9.0.13"
        }
      },
      "System.Diagnostics.EventLog": {
        "type": "Transitive",
        "resolved": "9.0.13",
        "contentHash": "675Rk4RwaVrWo09wrR2rpDVKixtgtnhd5NhPrn6O21uj92JvE61KTGupn76M2N6Ff/xJjY3SHSfSg0MIanEzGw=="
      },
      "System.IdentityModel.Tokens.Jwt": {
        "type": "Transitive",
        "resolved": "8.16.0",
        "contentHash": "rrs2u7DRMXQG2yh0oVyF/vLwosfRv20Ld2iEpYcKwQWXHjfV+gFXNQsQ9p008kR9Ou4pxBs68Q6/9zC8Gi1wjg==",
        "dependencies": {
          "Microsoft.IdentityModel.JsonWebTokens": "8.16.0",
          "Microsoft.IdentityModel.Tokens": "8.16.0"
        }
      },
      "System.IO.Hashing": {
        "type": "Transitive",
        "resolved": "8.0.0",
        "contentHash": "ne1843evDugl0md7Fjzy6QjJrzsjh46ZKbhf8GwBXb5f/gw97J4bxMs0NQKifDuThh/f0bZ0e62NPl1jzTuRqA=="
      },
      "System.Memory.Data": {
        "type": "Transitive",
        "resolved": "8.0.1",
        "contentHash": "BVYuec3jV23EMRDeR7Dr1/qhx7369dZzJ9IWy2xylvb4YfXsrUxspWc4UWYid/tj4zZK58uGZqn2WQiaDMhmAg=="
      },
      "System.Security.Cryptography.Pkcs": {
        "type": "Transitive",
        "resolved": "9.0.13",
        "contentHash": "dxJhkuoaelvWy588wPXjShNks+ZMiSgXnN75/u+DPbER5PqKrLPDftE0BvGM7nDK/scQAVlD+gRXlCAAjWi58Q=="
      },
      "System.Security.Cryptography.ProtectedData": {
        "type": "Transitive",
        "resolved": "9.0.13",
        "contentHash": "t8S9IDpjJKsLpLkeBdW8cWtcPyYqrGu93Dej1RO6WwuL/lkFSqWlan3rMJfortqz1mRIh+sys2AFsSA6jWJ3Jg=="
      }
    }
  }
}