
Microsoft Visual Studio Solution File, Format Version 12.00
# Visual Studio Version 17
VisualStudioVersion = 17.0.31903.59
MinimumVisualStudioVersion = 10.0.40219.1
Project("{FAE04EC0-301F-11D3-BF4B-00C04F79EFBC}") = "AirQMonitor", "AirQMonitor\AirQMonitor.csproj", "{3861375F-7B3C-4D80-8BA7-620B96A0243D}"
EndProject
Project("{FAE04EC0-301F-11D3-BF4B-00C04F79EFBC}") = "AirQMonitorTests", "AirQMonitorTests\AirQMonitorTests.csproj", "{BE2E4894-4C4C-4AAD-83BF-661BFD065D43}"
EndProject
Project("{2150E333-8FDC-42A3-9474-1A3956D46DE8}") = "Solution Items", "Solution Items", "{5E6B23BD-B9DA-405D-B083-26423AD0AC88}"
	ProjectSection(SolutionItems) = preProject
		airqmonitor.sln = airqmonitor.sln
		README.md = README.md
		azure-pipelines.yml = azure-pipelines.yml
		azure-pipelines-prs.yml = azure-pipelines-prs.yml
	EndProjectSection
EndProject
Global
	GlobalSection(SolutionConfigurationPlatforms) = preSolution
		Debug|Any CPU = Debug|Any CPU
		Debug|x64 = Debug|x64
		Debug|x86 = Debug|x86
		Release|Any CPU = Release|Any CPU
		Release|x64 = Release|x64
		Release|x86 = Release|x86
	EndGlobalSection
	GlobalSection(ProjectConfigurationPlatforms) = postSolution
		{3861375F-7B3C-4D80-8BA7-620B96A0243D}.Debug|Any CPU.ActiveCfg = Debug|Any CPU
		{3861375F-7B3C-4D80-8BA7-620B96A0243D}.Debug|Any CPU.Build.0 = Debug|Any CPU
		{3861375F-7B3C-4D80-8BA7-620B96A0243D}.Debug|x64.ActiveCfg = Debug|Any CPU
		{3861375F-7B3C-4D80-8BA7-620B96A0243D}.Debug|x64.Build.0 = Debug|Any CPU
		{3861375F-7B3C-4D80-8BA7-620B96A0243D}.Debug|x86.ActiveCfg = Debug|Any CPU
		{3861375F-7B3C-4D80-8BA7-620B96A0243D}.Debug|x86.Build.0 = Debug|Any CPU
		{3861375F-7B3C-4D80-8BA7-620B96A0243D}.Release|Any CPU.ActiveCfg = Release|Any CPU
		{3861375F-7B3C-4D80-8BA7-620B96A0243D}.Release|Any CPU.Build.0 = Release|Any CPU
		{3861375F-7B3C-4D80-8BA7-620B96A0243D}.Release|x64.ActiveCfg = Release|Any CPU
		{3861375F-7B3C-4D80-8BA7-620B96A0243D}.Release|x64.Build.0 = Release|Any CPU
		{3861375F-7B3C-4D80-8BA7-620B96A0243D}.Release|x86.ActiveCfg = Release|Any CPU
		{3861375F-7B3C-4D80-8BA7-620B96A0243D}.Release|x86.Build.0 = Release|Any CPU
		{BE2E4894-4C4C-4AAD-83BF-661BFD065D43}.Debug|Any CPU.ActiveCfg = Debug|Any CPU
		{BE2E4894-4C4C-4AAD-83BF-661BFD065D43}.Debug|Any CPU.Build.0 = Debug|Any CPU
		{BE2E4894-4C4C-4AAD-83BF-661BFD065D43}.Debug|x64.ActiveCfg = Debug|Any CPU
		{BE2E4894-4C4C-4AAD-83BF-661BFD065D43}.Debug|x64.Build.0 = Debug|Any CPU
		{BE2E4894-4C4C-4AAD-83BF-661BFD065D43}.Debug|x86.ActiveCfg = Debug|Any CPU
		{BE2E4894-4C4C-4AAD-83BF-661BFD065D43}.Debug|x86.Build.0 = Debug|Any CPU
		{BE2E4894-4C4C-4AAD-83BF-661BFD065D43}.Release|Any CPU.ActiveCfg = Release|Any CPU
		{BE2E4894-4C4C-4AAD-83BF-661BFD065D43}.Release|Any CPU.Build.0 = Release|Any CPU
		{BE2E4894-4C4C-4AAD-83BF-661BFD065D43}.Release|x64.ActiveCfg = Release|Any CPU
		{BE2E4894-4C4C-4AAD-83BF-661BFD065D43}.Release|x64.Build.0 = Release|Any CPU
		{BE2E4894-4C4C-4AAD-83BF-661BFD065D43}.Release|x86.ActiveCfg = Release|Any CPU
		{BE2E4894-4C4C-4AAD-83BF-661BFD065D43}.Release|x86.Build.0 = Release|Any CPU
	EndGlobalSection
	GlobalSection(SolutionProperties) = preSolution
		HideSolutionNode = FALSE
	EndGlobalSection
EndGlobal
