
Microsoft Visual Studio Solution File, Format Version 12.00
# Visual Studio Version 17
VisualStudioVersion = 17.0.31903.59
MinimumVisualStudioVersion = 10.0.40219.1
Project("{2150E333-8FDC-42A3-9474-1A3956D46DE8}") = "airqmonitor", "airqmonitor", "{307C2F4D-9022-6324-86E0-D5CD6774DCA3}"
EndProject
Project("{FAE04EC0-301F-11D3-BF4B-00C04F79EFBC}") = "AirQMonitor", "airqmonitor\AirQMonitor\AirQMonitor.csproj", "{6C0B154B-9966-47C4-8908-F951BDA9D49D}"
EndProject
Project("{FAE04EC0-301F-11D3-BF4B-00C04F79EFBC}") = "AirQMonitorTests", "airqmonitor\AirQMonitorTests\AirQMonitorTests.csproj", "{44DF6CE7-4A71-4741-A73E-59CF4222109F}"
EndProject
Project("{2150E333-8FDC-42A3-9474-1A3956D46DE8}") = "myatmmonitor", "myatmmonitor", "{17B3E29C-67E2-6900-53E3-7F52997207CC}"
EndProject
Project("{FAE04EC0-301F-11D3-BF4B-00C04F79EFBC}") = "MyAtmMonitor", "myatmmonitor\MyAtmMonitor\MyAtmMonitor.csproj", "{672196CD-7140-4CFE-B037-D7BC647CE7E6}"
EndProject
Project("{FAE04EC0-301F-11D3-BF4B-00C04F79EFBC}") = "MyAtmMonitorTests", "myatmmonitor\MyAtmMonitorTests\MyAtmMonitorTests.csproj", "{AA8DC420-B63A-4108-9050-A417CF38637E}"
EndProject
Project("{2150E333-8FDC-42A3-9474-1A3956D46DE8}") = "omnidotsmonitor", "omnidotsmonitor", "{E5A7BEEC-DD7D-8B70-CFBF-032AFDB5335E}"
EndProject
Project("{FAE04EC0-301F-11D3-BF4B-00C04F79EFBC}") = "OmnidotsMonitor", "omnidotsmonitor\OmnidotsMonitor\OmnidotsMonitor.csproj", "{7B59E7ED-48E7-4BE4-8DBF-024A1323217A}"
EndProject
Project("{FAE04EC0-301F-11D3-BF4B-00C04F79EFBC}") = "OmnidotsMonitorTests", "omnidotsmonitor\OmnidotsMonitorTests\OmnidotsMonitorTests.csproj", "{F02B1EF1-FD97-4DFE-A058-1EA16BA83AD1}"
EndProject
Project("{2150E333-8FDC-42A3-9474-1A3956D46DE8}") = "svantekmonitor", "svantekmonitor", "{50DDB895-EFAC-9076-ACF2-83083A324AC5}"
EndProject
Project("{FAE04EC0-301F-11D3-BF4B-00C04F79EFBC}") = "SvantekMonitor", "svantekmonitor\SvantekMonitor\SvantekMonitor.csproj", "{01AF4B82-71E3-46E6-B56A-183738A5C379}"
EndProject
Project("{FAE04EC0-301F-11D3-BF4B-00C04F79EFBC}") = "SvantekMonitorTests", "svantekmonitor\SvantekMonitorTests\SvantekMonitorTests.csproj", "{C8BA6A15-58AD-480A-B1D0-E48CD19D226D}"
EndProject
Project("{2150E333-8FDC-42A3-9474-1A3956D46DE8}") = "reportingmonitor", "reportingmonitor", "{AD1DE5FC-5977-41CD-9C3C-699496F96B79}"
EndProject
Project("{FAE04EC0-301F-11D3-BF4B-00C04F79EFBC}") = "ReportingMonitor", "reportingmonitor\ReportingMonitor\ReportingMonitor.csproj", "{B39E1DE2-D999-4DBE-BBFA-2210F93CF8AC}"
EndProject
Project("{FAE04EC0-301F-11D3-BF4B-00C04F79EFBC}") = "ReportingMonitorTests", "reportingmonitor\ReportingMonitorTests\ReportingMonitorTests.csproj", "{D038C9BB-8A64-4A5D-97A7-AF9983F10E87}"
EndProject
Project("{FAE04EC0-301F-11D3-BF4B-00C04F79EFBC}") = "Rvt.Reporting.Core", "reportingmonitor\Rvt.Reporting.Core\Rvt.Reporting.Core.csproj", "{32112CCB-B3DC-4084-B3E3-9E195EF50A82}"
EndProject
Project("{FAE04EC0-301F-11D3-BF4B-00C04F79EFBC}") = "Rvt.Reporting.Pdf", "reportingmonitor\Rvt.Reporting.Pdf\Rvt.Reporting.Pdf.csproj", "{592E1A03-D916-4FA8-A6CF-1E11F4270C2A}"
EndProject
Project("{FAE04EC0-301F-11D3-BF4B-00C04F79EFBC}") = "Rvt.Reporting.Storage", "reportingmonitor\Rvt.Reporting.Storage\Rvt.Reporting.Storage.csproj", "{E736EC1C-50B7-40B8-9467-2F3B4CB11117}"
EndProject
Project("{FAE04EC0-301F-11D3-BF4B-00C04F79EFBC}") = "Rvt.Reporting.Messaging", "reportingmonitor\Rvt.Reporting.Messaging\Rvt.Reporting.Messaging.csproj", "{A6564E0A-5B3C-4B91-94E1-83C60B39E9E5}"
EndProject
Global
	GlobalSection(SolutionConfigurationPlatforms) = preSolution
		Debug|Any CPU = Debug|Any CPU
		Debug|x64 = Debug|x64
		Debug|x86 = Debug|x86
		Release|Any CPU = Release|Any CPU
		Release|x64 = Release|x64
		Release|x86 = Release|x86
	EndGlobalSection
	GlobalSection(ProjectConfigurationPlatforms) = postSolution
		{6C0B154B-9966-47C4-8908-F951BDA9D49D}.Debug|Any CPU.ActiveCfg = Debug|Any CPU
		{6C0B154B-9966-47C4-8908-F951BDA9D49D}.Debug|Any CPU.Build.0 = Debug|Any CPU
		{6C0B154B-9966-47C4-8908-F951BDA9D49D}.Debug|x64.ActiveCfg = Debug|Any CPU
		{6C0B154B-9966-47C4-8908-F951BDA9D49D}.Debug|x64.Build.0 = Debug|Any CPU
		{6C0B154B-9966-47C4-8908-F951BDA9D49D}.Debug|x86.ActiveCfg = Debug|Any CPU
		{6C0B154B-9966-47C4-8908-F951BDA9D49D}.Debug|x86.Build.0 = Debug|Any CPU
		{6C0B154B-9966-47C4-8908-F951BDA9D49D}.Release|Any CPU.ActiveCfg = Release|Any CPU
		{6C0B154B-9966-47C4-8908-F951BDA9D49D}.Release|Any CPU.Build.0 = Release|Any CPU
		{6C0B154B-9966-47C4-8908-F951BDA9D49D}.Release|x64.ActiveCfg = Release|Any CPU
		{6C0B154B-9966-47C4-8908-F951BDA9D49D}.Release|x64.Build.0 = Release|Any CPU
		{6C0B154B-9966-47C4-8908-F951BDA9D49D}.Release|x86.ActiveCfg = Release|Any CPU
		{6C0B154B-9966-47C4-8908-F951BDA9D49D}.Release|x86.Build.0 = Release|Any CPU
		{44DF6CE7-4A71-4741-A73E-59CF4222109F}.Debug|Any CPU.ActiveCfg = Debug|Any CPU
		{44DF6CE7-4A71-4741-A73E-59CF4222109F}.Debug|Any CPU.Build.0 = Debug|Any CPU
		{44DF6CE7-4A71-4741-A73E-59CF4222109F}.Debug|x64.ActiveCfg = Debug|Any CPU
		{44DF6CE7-4A71-4741-A73E-59CF4222109F}.Debug|x64.Build.0 = Debug|Any CPU
		{44DF6CE7-4A71-4741-A73E-59CF4222109F}.Debug|x86.ActiveCfg = Debug|Any CPU
		{44DF6CE7-4A71-4741-A73E-59CF4222109F}.Debug|x86.Build.0 = Debug|Any CPU
		{44DF6CE7-4A71-4741-A73E-59CF4222109F}.Release|Any CPU.ActiveCfg = Release|Any CPU
		{44DF6CE7-4A71-4741-A73E-59CF4222109F}.Release|Any CPU.Build.0 = Release|Any CPU
		{44DF6CE7-4A71-4741-A73E-59CF4222109F}.Release|x64.ActiveCfg = Release|Any CPU
		{44DF6CE7-4A71-4741-A73E-59CF4222109F}.Release|x64.Build.0 = Release|Any CPU
		{44DF6CE7-4A71-4741-A73E-59CF4222109F}.Release|x86.ActiveCfg = Release|Any CPU
		{44DF6CE7-4A71-4741-A73E-59CF4222109F}.Release|x86.Build.0 = Release|Any CPU
		{672196CD-7140-4CFE-B037-D7BC647CE7E6}.Debug|Any CPU.ActiveCfg = Debug|Any CPU
		{672196CD-7140-4CFE-B037-D7BC647CE7E6}.Debug|Any CPU.Build.0 = Debug|Any CPU
		{672196CD-7140-4CFE-B037-D7BC647CE7E6}.Debug|x64.ActiveCfg = Debug|Any CPU
		{672196CD-7140-4CFE-B037-D7BC647CE7E6}.Debug|x64.Build.0 = Debug|Any CPU
		{672196CD-7140-4CFE-B037-D7BC647CE7E6}.Debug|x86.ActiveCfg = Debug|Any CPU
		{672196CD-7140-4CFE-B037-D7BC647CE7E6}.Debug|x86.Build.0 = Debug|Any CPU
		{672196CD-7140-4CFE-B037-D7BC647CE7E6}.Release|Any CPU.ActiveCfg = Release|Any CPU
		{672196CD-7140-4CFE-B037-D7BC647CE7E6}.Release|Any CPU.Build.0 = Release|Any CPU
		{672196CD-7140-4CFE-B037-D7BC647CE7E6}.Release|x64.ActiveCfg = Release|Any CPU
		{672196CD-7140-4CFE-B037-D7BC647CE7E6}.Release|x64.Build.0 = Release|Any CPU
		{672196CD-7140-4CFE-B037-D7BC647CE7E6}.Release|x86.ActiveCfg = Release|Any CPU
		{672196CD-7140-4CFE-B037-D7BC647CE7E6}.Release|x86.Build.0 = Release|Any CPU
		{AA8DC420-B63A-4108-9050-A417CF38637E}.Debug|Any CPU.ActiveCfg = Debug|Any CPU
		{AA8DC420-B63A-4108-9050-A417CF38637E}.Debug|Any CPU.Build.0 = Debug|Any CPU
		{AA8DC420-B63A-4108-9050-A417CF38637E}.Debug|x64.ActiveCfg = Debug|Any CPU
		{AA8DC420-B63A-4108-9050-A417CF38637E}.Debug|x64.Build.0 = Debug|Any CPU
		{AA8DC420-B63A-4108-9050-A417CF38637E}.Debug|x86.ActiveCfg = Debug|Any CPU
		{AA8DC420-B63A-4108-9050-A417CF38637E}.Debug|x86.Build.0 = Debug|Any CPU
		{AA8DC420-B63A-4108-9050-A417CF38637E}.Release|Any CPU.ActiveCfg = Release|Any CPU
		{AA8DC420-B63A-4108-9050-A417CF38637E}.Release|Any CPU.Build.0 = Release|Any CPU
		{AA8DC420-B63A-4108-9050-A417CF38637E}.Release|x64.ActiveCfg = Release|Any CPU
		{AA8DC420-B63A-4108-9050-A417CF38637E}.Release|x64.Build.0 = Release|Any CPU
		{AA8DC420-B63A-4108-9050-A417CF38637E}.Release|x86.ActiveCfg = Release|Any CPU
		{AA8DC420-B63A-4108-9050-A417CF38637E}.Release|x86.Build.0 = Release|Any CPU
		{7B59E7ED-48E7-4BE4-8DBF-024A1323217A}.Debug|Any CPU.ActiveCfg = Debug|Any CPU
		{7B59E7ED-48E7-4BE4-8DBF-024A1323217A}.Debug|Any CPU.Build.0 = Debug|Any CPU
		{7B59E7ED-48E7-4BE4-8DBF-024A1323217A}.Debug|x64.ActiveCfg = Debug|Any CPU
		{7B59E7ED-48E7-4BE4-8DBF-024A1323217A}.Debug|x64.Build.0 = Debug|Any CPU
		{7B59E7ED-48E7-4BE4-8DBF-024A1323217A}.Debug|x86.ActiveCfg = Debug|Any CPU
		{7B59E7ED-48E7-4BE4-8DBF-024A1323217A}.Debug|x86.Build.0 = Debug|Any CPU
		{7B59E7ED-48E7-4BE4-8DBF-024A1323217A}.Release|Any CPU.ActiveCfg = Release|Any CPU
		{7B59E7ED-48E7-4BE4-8DBF-024A1323217A}.Release|Any CPU.Build.0 = Release|Any CPU
		{7B59E7ED-48E7-4BE4-8DBF-024A1323217A}.Release|x64.ActiveCfg = Release|Any CPU
		{7B59E7ED-48E7-4BE4-8DBF-024A1323217A}.Release|x64.Build.0 = Release|Any CPU
		{7B59E7ED-48E7-4BE4-8DBF-024A1323217A}.Release|x86.ActiveCfg = Release|Any CPU
		{7B59E7ED-48E7-4BE4-8DBF-024A1323217A}.Release|x86.Build.0 = Release|Any CPU
		{F02B1EF1-FD97-4DFE-A058-1EA16BA83AD1}.Debug|Any CPU.ActiveCfg = Debug|Any CPU
		{F02B1EF1-FD97-4DFE-A058-1EA16BA83AD1}.Debug|Any CPU.Build.0 = Debug|Any CPU
		{F02B1EF1-FD97-4DFE-A058-1EA16BA83AD1}.Debug|x64.ActiveCfg = Debug|Any CPU
		{F02B1EF1-FD97-4DFE-A058-1EA16BA83AD1}.Debug|x64.Build.0 = Debug|Any CPU
		{F02B1EF1-FD97-4DFE-A058-1EA16BA83AD1}.Debug|x86.ActiveCfg = Debug|Any CPU
		{F02B1EF1-FD97-4DFE-A058-1EA16BA83AD1}.Debug|x86.Build.0 = Debug|Any CPU
		{F02B1EF1-FD97-4DFE-A058-1EA16BA83AD1}.Release|Any CPU.ActiveCfg = Release|Any CPU
		{F02B1EF1-FD97-4DFE-A058-1EA16BA83AD1}.Release|Any CPU.Build.0 = Release|Any CPU
		{F02B1EF1-FD97-4DFE-A058-1EA16BA83AD1}.Release|x64.ActiveCfg = Release|Any CPU
		{F02B1EF1-FD97-4DFE-A058-1EA16BA83AD1}.Release|x64.Build.0 = Release|Any CPU
		{F02B1EF1-FD97-4DFE-A058-1EA16BA83AD1}.Release|x86.ActiveCfg = Release|Any CPU
		{F02B1EF1-FD97-4DFE-A058-1EA16BA83AD1}.Release|x86.Build.0 = Release|Any CPU
		{01AF4B82-71E3-46E6-B56A-183738A5C379}.Debug|Any CPU.ActiveCfg = Debug|Any CPU
		{01AF4B82-71E3-46E6-B56A-183738A5C379}.Debug|Any CPU.Build.0 = Debug|Any CPU
		{01AF4B82-71E3-46E6-B56A-183738A5C379}.Debug|x64.ActiveCfg = Debug|Any CPU
		{01AF4B82-71E3-46E6-B56A-183738A5C379}.Debug|x64.Build.0 = Debug|Any CPU
		{01AF4B82-71E3-46E6-B56A-183738A5C379}.Debug|x86.ActiveCfg = Debug|Any CPU
		{01AF4B82-71E3-46E6-B56A-183738A5C379}.Debug|x86.Build.0 = Debug|Any CPU
		{01AF4B82-71E3-46E6-B56A-183738A5C379}.Release|Any CPU.ActiveCfg = Release|Any CPU
		{01AF4B82-71E3-46E6-B56A-183738A5C379}.Release|Any CPU.Build.0 = Release|Any CPU
		{01AF4B82-71E3-46E6-B56A-183738A5C379}.Release|x64.ActiveCfg = Release|Any CPU
		{01AF4B82-71E3-46E6-B56A-183738A5C379}.Release|x64.Build.0 = Release|Any CPU
		{01AF4B82-71E3-46E6-B56A-183738A5C379}.Release|x86.ActiveCfg = Release|Any CPU
		{01AF4B82-71E3-46E6-B56A-183738A5C379}.Release|x86.Build.0 = Release|Any CPU
		{C8BA6A15-58AD-480A-B1D0-E48CD19D226D}.Debug|Any CPU.ActiveCfg = Debug|Any CPU
		{C8BA6A15-58AD-480A-B1D0-E48CD19D226D}.Debug|Any CPU.Build.0 = Debug|Any CPU
		{C8BA6A15-58AD-480A-B1D0-E48CD19D226D}.Debug|x64.ActiveCfg = Debug|Any CPU
		{C8BA6A15-58AD-480A-B1D0-E48CD19D226D}.Debug|x64.Build.0 = Debug|Any CPU
		{C8BA6A15-58AD-480A-B1D0-E48CD19D226D}.Debug|x86.ActiveCfg = Debug|Any CPU
		{C8BA6A15-58AD-480A-B1D0-E48CD19D226D}.Debug|x86.Build.0 = Debug|Any CPU
		{C8BA6A15-58AD-480A-B1D0-E48CD19D226D}.Release|Any CPU.ActiveCfg = Release|Any CPU
		{C8BA6A15-58AD-480A-B1D0-E48CD19D226D}.Release|Any CPU.Build.0 = Release|Any CPU
		{C8BA6A15-58AD-480A-B1D0-E48CD19D226D}.Release|x64.ActiveCfg = Release|Any CPU
		{C8BA6A15-58AD-480A-B1D0-E48CD19D226D}.Release|x64.Build.0 = Release|Any CPU
		{C8BA6A15-58AD-480A-B1D0-E48CD19D226D}.Release|x86.ActiveCfg = Release|Any CPU
		{C8BA6A15-58AD-480A-B1D0-E48CD19D226D}.Release|x86.Build.0 = Release|Any CPU
		{B39E1DE2-D999-4DBE-BBFA-2210F93CF8AC}.Debug|Any CPU.ActiveCfg = Debug|Any CPU
		{B39E1DE2-D999-4DBE-BBFA-2210F93CF8AC}.Debug|Any CPU.Build.0 = Debug|Any CPU
		{B39E1DE2-D999-4DBE-BBFA-2210F93CF8AC}.Release|Any CPU.ActiveCfg = Release|Any CPU
		{B39E1DE2-D999-4DBE-BBFA-2210F93CF8AC}.Release|Any CPU.Build.0 = Release|Any CPU
		{D038C9BB-8A64-4A5D-97A7-AF9983F10E87}.Debug|Any CPU.ActiveCfg = Debug|Any CPU
		{D038C9BB-8A64-4A5D-97A7-AF9983F10E87}.Debug|Any CPU.Build.0 = Debug|Any CPU
		{D038C9BB-8A64-4A5D-97A7-AF9983F10E87}.Release|Any CPU.ActiveCfg = Release|Any CPU
		{D038C9BB-8A64-4A5D-97A7-AF9983F10E87}.Release|Any CPU.Build.0 = Release|Any CPU
		{32112CCB-B3DC-4084-B3E3-9E195EF50A82}.Debug|Any CPU.ActiveCfg = Debug|Any CPU
		{32112CCB-B3DC-4084-B3E3-9E195EF50A82}.Debug|Any CPU.Build.0 = Debug|Any CPU
		{32112CCB-B3DC-4084-B3E3-9E195EF50A82}.Release|Any CPU.ActiveCfg = Release|Any CPU
		{32112CCB-B3DC-4084-B3E3-9E195EF50A82}.Release|Any CPU.Build.0 = Release|Any CPU
		{592E1A03-D916-4FA8-A6CF-1E11F4270C2A}.Debug|Any CPU.ActiveCfg = Debug|Any CPU
		{592E1A03-D916-4FA8-A6CF-1E11F4270C2A}.Debug|Any CPU.Build.0 = Debug|Any CPU
		{592E1A03-D916-4FA8-A6CF-1E11F4270C2A}.Release|Any CPU.ActiveCfg = Release|Any CPU
		{592E1A03-D916-4FA8-A6CF-1E11F4270C2A}.Release|Any CPU.Build.0 = Release|Any CPU
		{E736EC1C-50B7-40B8-9467-2F3B4CB11117}.Debug|Any CPU.ActiveCfg = Debug|Any CPU
		{E736EC1C-50B7-40B8-9467-2F3B4CB11117}.Debug|Any CPU.Build.0 = Debug|Any CPU
		{E736EC1C-50B7-40B8-9467-2F3B4CB11117}.Release|Any CPU.ActiveCfg = Release|Any CPU
		{E736EC1C-50B7-40B8-9467-2F3B4CB11117}.Release|Any CPU.Build.0 = Release|Any CPU
		{A6564E0A-5B3C-4B91-94E1-83C60B39E9E5}.Debug|Any CPU.ActiveCfg = Debug|Any CPU
		{A6564E0A-5B3C-4B91-94E1-83C60B39E9E5}.Debug|Any CPU.Build.0 = Debug|Any CPU
		{A6564E0A-5B3C-4B91-94E1-83C60B39E9E5}.Release|Any CPU.ActiveCfg = Release|Any CPU
		{A6564E0A-5B3C-4B91-94E1-83C60B39E9E5}.Release|Any CPU.Build.0 = Release|Any CPU
	EndGlobalSection
	GlobalSection(SolutionProperties) = preSolution
		HideSolutionNode = FALSE
	EndGlobalSection
	GlobalSection(NestedProjects) = preSolution
		{6C0B154B-9966-47C4-8908-F951BDA9D49D} = {307C2F4D-9022-6324-86E0-D5CD6774DCA3}
		{44DF6CE7-4A71-4741-A73E-59CF4222109F} = {307C2F4D-9022-6324-86E0-D5CD6774DCA3}
		{672196CD-7140-4CFE-B037-D7BC647CE7E6} = {17B3E29C-67E2-6900-53E3-7F52997207CC}
		{AA8DC420-B63A-4108-9050-A417CF38637E} = {17B3E29C-67E2-6900-53E3-7F52997207CC}
		{7B59E7ED-48E7-4BE4-8DBF-024A1323217A} = {E5A7BEEC-DD7D-8B70-CFBF-032AFDB5335E}
		{F02B1EF1-FD97-4DFE-A058-1EA16BA83AD1} = {E5A7BEEC-DD7D-8B70-CFBF-032AFDB5335E}
		{01AF4B82-71E3-46E6-B56A-183738A5C379} = {50DDB895-EFAC-9076-ACF2-83083A324AC5}
		{C8BA6A15-58AD-480A-B1D0-E48CD19D226D} = {50DDB895-EFAC-9076-ACF2-83083A324AC5}
		{B39E1DE2-D999-4DBE-BBFA-2210F93CF8AC} = {AD1DE5FC-5977-41CD-9C3C-699496F96B79}
		{D038C9BB-8A64-4A5D-97A7-AF9983F10E87} = {AD1DE5FC-5977-41CD-9C3C-699496F96B79}
		{32112CCB-B3DC-4084-B3E3-9E195EF50A82} = {AD1DE5FC-5977-41CD-9C3C-699496F96B79}
		{592E1A03-D916-4FA8-A6CF-1E11F4270C2A} = {AD1DE5FC-5977-41CD-9C3C-699496F96B79}
		{E736EC1C-50B7-40B8-9467-2F3B4CB11117} = {AD1DE5FC-5977-41CD-9C3C-699496F96B79}
		{A6564E0A-5B3C-4B91-94E1-83C60B39E9E5} = {AD1DE5FC-5977-41CD-9C3C-699496F96B79}
	EndGlobalSection
EndGlobal
