{
  "version": 2,
  "dependencies": {
    "net10.0": {
      "QuestPDF": {
        "type": "Direct",
        "requested": "[2026.6.0, )",
        "resolved": "2026.6.0",
        "contentHash": "0DQY6bGXcFLdj10vXmdMMZqgShQGuy0XvPtkkfntlOmSrtIZTBmlLFQilg3OK/V9c6hlyqus+g6PKm5YexEZ0A=="
      },
      "Microsoft.Extensions.DependencyInjection.Abstractions": {
        "type": "Transitive",
        "resolved": "10.0.4",
        "contentHash": "SIe9zlVQJecnk/DTmevIcl6+aEDYhoVLc2eG2AKwVeNEC8CSyxHAbh4lf0xtHq9JUum0vVTEByGNTK+b6oihTQ=="
      },
      "rvt.reporting.core": {
        "type": "Project",
        "dependencies": {
          "Microsoft.Extensions.Logging.Abstractions": "[10.0.4, )"
        }
      },
      "Microsoft.Extensions.Logging.Abstractions": {
        "type": "CentralTransitive",
        "requested": "[10.0.4, )",
        "resolved": "10.0.4",
        "contentHash": "PDMMt7fvBatv6hcxxyJtXIzSwn7Dy00W6I2vDAOTYrQqNM2dF5A2L9n0uMzdPz2IPoNZWkAmYjoOCEdDLq0i4w==",
        "dependencies": {
          "Microsoft.Extensions.DependencyInjection.Abstractions": "10.0.4"
        }
      }
    }
  }
}